
Microsoft Visual Studio Solution File, Format Version 12.00
# Visual Studio Version 16
VisualStudioVersion = 16.0.30717.126
MinimumVisualStudioVersion = 10.0.40219.1
Project("{FAE04EC0-301F-11D3-BF4B-00C04F79EFBC}") = "ParserApp", "ParserApp\ParserApp.csproj", "{0584ABCF-786F-4623-8495-EF7792FED6AB}"
EndProject
Global
	GlobalSection(SolutionConfigurationPlatforms) = preSolution
		Debug|Any CPU = Debug|Any CPU
		Release|Any CPU = Release|Any CPU
	EndGlobalSection
	GlobalSection(ProjectConfigurationPlatforms) = postSolution
		{0584ABCF-786F-4623-8495-EF7792FED6AB}.Debug|Any CPU.ActiveCfg = Debug|Any CPU
		{0584ABCF-786F-4623-8495-EF7792FED6AB}.Debug|Any CPU.Build.0 = Debug|Any CPU
		{0584ABCF-786F-4623-8495-EF7792FED6AB}.Release|Any CPU.ActiveCfg = Release|Any CPU
		{0584ABCF-786F-4623-8495-EF7792FED6AB}.Release|Any CPU.Build.0 = Release|Any CPU
	EndGlobalSection
	GlobalSection(SolutionProperties) = preSolution
		HideSolutionNode = FALSE
	EndGlobalSection
	GlobalSection(ExtensibilityGlobals) = postSolution
		SolutionGuid = {CF1B7237-26A5-40BB-802F-02BBCFEDA7C0}
	EndGlobalSection
EndGlobal
